
Microsoft Visual Studio Solution File, Format Version 12.00
# Visual Studio 15
VisualStudioVersion = 15.0.28307.1259
MinimumVisualStudioVersion = 10.0.40219.1
Project("{8BC9CEB8-8B4A-11D0-8D11-00A0C91BC942}") = "BOKODoroTimer", "BOKODoroTimer\BOKODoroTimer.vcxproj", "{4CB331E2-B8A2-494E-B7E4-DC84CC19EBB4}"
	ProjectSection(ProjectDependencies) = postProject
		{DF876C7B-A2FE-46F7-8782-E1493C76542F} = {DF876C7B-A2FE-46F7-8782-E1493C76542F}
		{2F8F157D-633B-46D8-95F7-1BAA33C06782} = {2F8F157D-633B-46D8-95F7-1BAA33C06782}
		{412643D5-A138-4015-A52F-76B8820A10D6} = {412643D5-A138-4015-A52F-76B8820A10D6}
	EndProjectSection
EndProject
Project("{8BC9CEB8-8B4A-11D0-8D11-00A0C91BC942}") = "ComplexLibrary", "ComplexLibrary\ComplexLibrary.vcxproj", "{412643D5-A138-4015-A52F-76B8820A10D6}"
EndProject
Project("{8BC9CEB8-8B4A-11D0-8D11-00A0C91BC942}") = "ComplexMVC2_Model", "ComplexMVC2_Model\ComplexMVC2_Model.vcxproj", "{DF876C7B-A2FE-46F7-8782-E1493C76542F}"
	ProjectSection(ProjectDependencies) = postProject
		{412643D5-A138-4015-A52F-76B8820A10D6} = {412643D5-A138-4015-A52F-76B8820A10D6}
	EndProjectSection
EndProject
Project("{8BC9CEB8-8B4A-11D0-8D11-00A0C91BC942}") = "ComplexUtilProcess", "ComplexUtilProcess\ComplexUtilProcess.vcxproj", "{2F8F157D-633B-46D8-95F7-1BAA33C06782}"
	ProjectSection(ProjectDependencies) = postProject
		{412643D5-A138-4015-A52F-76B8820A10D6} = {412643D5-A138-4015-A52F-76B8820A10D6}
	EndProjectSection
EndProject
Global
	GlobalSection(SolutionConfigurationPlatforms) = preSolution
		Debug|x64 = Debug|x64
		Debug|x86 = Debug|x86
		Release|x64 = Release|x64
		Release|x86 = Release|x86
	EndGlobalSection
	GlobalSection(ProjectConfigurationPlatforms) = postSolution
		{4CB331E2-B8A2-494E-B7E4-DC84CC19EBB4}.Debug|x64.ActiveCfg = Debug|x64
		{4CB331E2-B8A2-494E-B7E4-DC84CC19EBB4}.Debug|x64.Build.0 = Debug|x64
		{4CB331E2-B8A2-494E-B7E4-DC84CC19EBB4}.Debug|x86.ActiveCfg = Debug|Win32
		{4CB331E2-B8A2-494E-B7E4-DC84CC19EBB4}.Debug|x86.Build.0 = Debug|Win32
		{4CB331E2-B8A2-494E-B7E4-DC84CC19EBB4}.Release|x64.ActiveCfg = Release|x64
		{4CB331E2-B8A2-494E-B7E4-DC84CC19EBB4}.Release|x64.Build.0 = Release|x64
		{4CB331E2-B8A2-494E-B7E4-DC84CC19EBB4}.Release|x86.ActiveCfg = Release|Win32
		{4CB331E2-B8A2-494E-B7E4-DC84CC19EBB4}.Release|x86.Build.0 = Release|Win32
		{412643D5-A138-4015-A52F-76B8820A10D6}.Debug|x64.ActiveCfg = Debug|x64
		{412643D5-A138-4015-A52F-76B8820A10D6}.Debug|x64.Build.0 = Debug|x64
		{412643D5-A138-4015-A52F-76B8820A10D6}.Debug|x86.ActiveCfg = Debug|Win32
		{412643D5-A138-4015-A52F-76B8820A10D6}.Debug|x86.Build.0 = Debug|Win32
		{412643D5-A138-4015-A52F-76B8820A10D6}.Release|x64.ActiveCfg = Release|x64
		{412643D5-A138-4015-A52F-76B8820A10D6}.Release|x64.Build.0 = Release|x64
		{412643D5-A138-4015-A52F-76B8820A10D6}.Release|x86.ActiveCfg = Release|Win32
		{412643D5-A138-4015-A52F-76B8820A10D6}.Release|x86.Build.0 = Release|Win32
		{DF876C7B-A2FE-46F7-8782-E1493C76542F}.Debug|x64.ActiveCfg = Debug|x64
		{DF876C7B-A2FE-46F7-8782-E1493C76542F}.Debug|x64.Build.0 = Debug|x64
		{DF876C7B-A2FE-46F7-8782-E1493C76542F}.Debug|x86.ActiveCfg = Debug|Win32
		{DF876C7B-A2FE-46F7-8782-E1493C76542F}.Debug|x86.Build.0 = Debug|Win32
		{DF876C7B-A2FE-46F7-8782-E1493C76542F}.Release|x64.ActiveCfg = Release|x64
		{DF876C7B-A2FE-46F7-8782-E1493C76542F}.Release|x64.Build.0 = Release|x64
		{DF876C7B-A2FE-46F7-8782-E1493C76542F}.Release|x86.ActiveCfg = Release|Win32
		{DF876C7B-A2FE-46F7-8782-E1493C76542F}.Release|x86.Build.0 = Release|Win32
		{2F8F157D-633B-46D8-95F7-1BAA33C06782}.Debug|x64.ActiveCfg = Debug|x64
		{2F8F157D-633B-46D8-95F7-1BAA33C06782}.Debug|x64.Build.0 = Debug|x64
		{2F8F157D-633B-46D8-95F7-1BAA33C06782}.Debug|x86.ActiveCfg = Debug|Win32
		{2F8F157D-633B-46D8-95F7-1BAA33C06782}.Debug|x86.Build.0 = Debug|Win32
		{2F8F157D-633B-46D8-95F7-1BAA33C06782}.Release|x64.ActiveCfg = Release|x64
		{2F8F157D-633B-46D8-95F7-1BAA33C06782}.Release|x64.Build.0 = Release|x64
		{2F8F157D-633B-46D8-95F7-1BAA33C06782}.Release|x86.ActiveCfg = Release|Win32
		{2F8F157D-633B-46D8-95F7-1BAA33C06782}.Release|x86.Build.0 = Release|Win32
	EndGlobalSection
	GlobalSection(SolutionProperties) = preSolution
		HideSolutionNode = FALSE
	EndGlobalSection
	GlobalSection(ExtensibilityGlobals) = postSolution
		SolutionGuid = {172A39C3-724E-4CE5-A190-9B0C40EC1DD6}
	EndGlobalSection
EndGlobal
