<?xml version="1.0" encoding="utf-8"?>
<Project ToolsVersion="4.0" xmlns="http://schemas.microsoft.com/developer/msbuild/2003">
  <ItemGroup>
    <Filter Include="리소스 파일">
      <UniqueIdentifier>{67DA6AB6-F800-4c08-8B7A-83BB121AAD01}</UniqueIdentifier>
      <Extensions>rc;ico;cur;bmp;dlg;rc2;rct;bin;rgs;gif;jpg;jpeg;jpe;resx;tiff;tif;png;wav;mfcribbon-ms</Extensions>
    </Filter>
    <Filter Include="Default">
      <UniqueIdentifier>{53b61098-2e76-43c9-b84f-fb8544cfb78d}</UniqueIdentifier>
    </Filter>
    <Filter Include="Main">
      <UniqueIdentifier>{ccc7edc9-8f44-46b0-82fa-ab2b4c5d93ff}</UniqueIdentifier>
    </Filter>
    <Filter Include="Manager">
      <UniqueIdentifier>{a8935f4f-52c0-4dd2-b1e5-500c3e68cb5e}</UniqueIdentifier>
    </Filter>
    <Filter Include="Manager\DBManager">
      <UniqueIdentifier>{88803dfc-ef6b-4a88-acda-f77d27a4b278}</UniqueIdentifier>
    </Filter>
    <Filter Include="Manager\DBManager\TransactionNameDefine">
      <UniqueIdentifier>{b72b1894-28a0-4a79-a099-bb768cfecc7b}</UniqueIdentifier>
    </Filter>
    <Filter Include="Manager\LOGManager">
      <UniqueIdentifier>{1d237074-0d34-4061-ba88-5fdec0f7cfa4}</UniqueIdentifier>
    </Filter>
    <Filter Include="UICustom">
      <UniqueIdentifier>{9b722df3-bb23-4856-b4a7-fcdbd658311b}</UniqueIdentifier>
    </Filter>
    <Filter Include="TimerList">
      <UniqueIdentifier>{64a41925-5ece-4aec-b7ea-242d2533214a}</UniqueIdentifier>
    </Filter>
  </ItemGroup>
  <ItemGroup>
    <ClInclude Include="BOKODoroTimer.h">
      <Filter>Default</Filter>
    </ClInclude>
    <ClInclude Include="pch.h">
      <Filter>Default</Filter>
    </ClInclude>
    <ClInclude Include="Resource.h">
      <Filter>Default</Filter>
    </ClInclude>
    <ClInclude Include="targetver.h">
      <Filter>Default</Filter>
    </ClInclude>
    <ClInclude Include="framework.h">
      <Filter>Default</Filter>
    </ClInclude>
    <ClInclude Include="BOKODoroTimerDlg.h">
      <Filter>Main</Filter>
    </ClInclude>
    <ClInclude Include="BOKOManager\DBManager\DBManagerManagement.h">
      <Filter>Manager\DBManager</Filter>
    </ClInclude>
    <ClInclude Include="BOKOManager\DBManager\TimerDBManager.h">
      <Filter>Manager\DBManager</Filter>
    </ClInclude>
    <ClInclude Include="BOKOManager\DBManager\TransactionNameDefine.h">
      <Filter>Manager\DBManager\TransactionNameDefine</Filter>
    </ClInclude>
    <ClInclude Include="BOKOManager\LOGManager\LogManager.h">
      <Filter>Manager\LOGManager</Filter>
    </ClInclude>
    <ClInclude Include="DrawButton\CGdiPlusBitmap.h">
      <Filter>UICustom</Filter>
    </ClInclude>
    <ClInclude Include="DrawButton\GdipButton.h">
      <Filter>UICustom</Filter>
    </ClInclude>
    <ClInclude Include="DrawButton\MemDC.h">
      <Filter>UICustom</Filter>
    </ClInclude>
    <ClInclude Include="UICustom\CustomButton.h">
      <Filter>UICustom</Filter>
    </ClInclude>
    <ClInclude Include="UICustom\CustomStatic.h">
      <Filter>UICustom</Filter>
    </ClInclude>
    <ClInclude Include="UICustom\DlgInterface.h">
      <Filter>UICustom</Filter>
    </ClInclude>
    <ClInclude Include="DrawButton\pch.h">
      <Filter>UICustom</Filter>
    </ClInclude>
    <ClInclude Include="PreProcessorDefineConst.h">
      <Filter>Default</Filter>
    </ClInclude>
    <ClInclude Include="UICustom\CustomEdit.h">
      <Filter>UICustom</Filter>
    </ClInclude>
    <ClInclude Include="BOKODoroTimerListDlg.h">
      <Filter>TimerList</Filter>
    </ClInclude>
  </ItemGroup>
  <ItemGroup>
    <ClCompile Include="BOKODoroTimer.cpp">
      <Filter>Default</Filter>
    </ClCompile>
    <ClCompile Include="BOKODoroTimerDlg.cpp">
      <Filter>Main</Filter>
    </ClCompile>
    <ClCompile Include="pch.cpp">
      <Filter>Default</Filter>
    </ClCompile>
    <ClCompile Include="BOKOManager\DBManager\DBManagerManagement.cpp">
      <Filter>Manager\DBManager</Filter>
    </ClCompile>
    <ClCompile Include="BOKOManager\DBManager\TimerDBManager.cpp">
      <Filter>Manager\DBManager</Filter>
    </ClCompile>
    <ClCompile Include="BOKOManager\LOGManager\LogManager.cpp">
      <Filter>Manager\LOGManager</Filter>
    </ClCompile>
    <ClCompile Include="DrawButton\GdipButton.cpp">
      <Filter>UICustom</Filter>
    </ClCompile>
    <ClCompile Include="UICustom\CustomButton.cpp">
      <Filter>UICustom</Filter>
    </ClCompile>
    <ClCompile Include="UICustom\CustomStatic.cpp">
      <Filter>UICustom</Filter>
    </ClCompile>
    <ClCompile Include="UICustom\DlgInterface.cpp">
      <Filter>UICustom</Filter>
    </ClCompile>
    <ClCompile Include="UICustom\CustomEdit.cpp">
      <Filter>UICustom</Filter>
    </ClCompile>
    <ClCompile Include="BOKODoroTimerListDlg.cpp">
      <Filter>TimerList</Filter>
    </ClCompile>
  </ItemGroup>
  <ItemGroup>
    <ResourceCompile Include="BOKODoroTimer.rc">
      <Filter>리소스 파일</Filter>
    </ResourceCompile>
  </ItemGroup>
  <ItemGroup>
    <None Include="res\BOKODoroTimer.rc2">
      <Filter>리소스 파일</Filter>
    </None>
  </ItemGroup>
  <ItemGroup>
    <Image Include="res\BOKODoroTimer.ico">
      <Filter>리소스 파일</Filter>
    </Image>
    <Image Include="res\ETC.png">
      <Filter>리소스 파일</Filter>
    </Image>
    <Image Include="res\Main.png">
      <Filter>리소스 파일</Filter>
    </Image>
    <Image Include="res\Sub.png">
      <Filter>리소스 파일</Filter>
    </Image>
    <Image Include="res\Cal.ico">
      <Filter>리소스 파일</Filter>
    </Image>
    <Image Include="res\Cal-6.png">
      <Filter>리소스 파일</Filter>
    </Image>
    <Image Include="res\Main_Green.png">
      <Filter>리소스 파일</Filter>
    </Image>
    <Image Include="res\Main_Red.png">
      <Filter>리소스 파일</Filter>
    </Image>
    <Image Include="res\Main_Yellow.png">
      <Filter>리소스 파일</Filter>
    </Image>
  </ItemGroup>
  <ItemGroup>
    <Font Include="res\Font\DS-DIGIT.TTF">
      <Filter>리소스 파일</Filter>
    </Font>
    <Font Include="res\Font\잘풀리는하루 Medium.ttf">
      <Filter>리소스 파일</Filter>
    </Font>
  </ItemGroup>
</Project>